
Microsoft Visual Studio Solution File, Format Version 12.00
# Visual Studio Version 17
VisualStudioVersion = 17.11.35327.3
MinimumVisualStudioVersion = 10.0.40219.1
Project("{FAE04EC0-301F-11D3-BF4B-00C04F79EFBC}") = "Mocan_Melisa_Lab2", "Mocan_Melisa_Lab2.csproj", "{08608842-9786-4489-B819-33F8B2091CED}"
EndProject
Global
	GlobalSection(SolutionConfigurationPlatforms) = preSolution
		Debug|Any CPU = Debug|Any CPU
		Release|Any CPU = Release|Any CPU
	EndGlobalSection
	GlobalSection(ProjectConfigurationPlatforms) = postSolution
		{08608842-9786-4489-B819-33F8B2091CED}.Debug|Any CPU.ActiveCfg = Debug|Any CPU
		{08608842-9786-4489-B819-33F8B2091CED}.Debug|Any CPU.Build.0 = Debug|Any CPU
		{08608842-9786-4489-B819-33F8B2091CED}.Release|Any CPU.ActiveCfg = Release|Any CPU
		{08608842-9786-4489-B819-33F8B2091CED}.Release|Any CPU.Build.0 = Release|Any CPU
	EndGlobalSection
	GlobalSection(SolutionProperties) = preSolution
		HideSolutionNode = FALSE
	EndGlobalSection
	GlobalSection(ExtensibilityGlobals) = postSolution
		SolutionGuid = {A2E90523-5D24-4659-9CC1-BC7B9C4CD9F0}
	EndGlobalSection
EndGlobal
